<?xml version="1.0" encoding="utf-8"?>
<Project ToolsVersion="4.0" xmlns="http://schemas.microsoft.com/developer/msbuild/2003">
  <ItemGroup>
    <ClCompile Include="..\..\..\addons\ofxGui\src\ofxBaseGui.cpp" />
    <ClCompile Include="..\..\..\addons\ofxGui\src\ofxButton.cpp" />
    <ClCompile Include="..\..\..\addons\ofxGui\src\ofxColorPicker.cpp" />
    <ClCompile Include="..\..\..\addons\ofxGui\src\ofxGuiGroup.cpp" />
    <ClCompile Include="..\..\..\addons\ofxGui\src\ofxInputField.cpp" />
    <ClCompile Include="..\..\..\addons\ofxGui\src\ofxLabel.cpp" />
    <ClCompile Include="..\..\..\addons\ofxGui\src\ofxPanel.cpp" />
    <ClCompile Include="..\..\..\addons\ofxGui\src\ofxSlider.cpp" />
    <ClCompile Include="..\..\..\addons\ofxGui\src\ofxSliderGroup.cpp" />
    <ClCompile Include="..\..\..\addons\ofxGui\src\ofxToggle.cpp" />
    <ClCompile Include="..\..\..\addons\ofxThreadedImageLoader\src\ofxThreadedImageLoader.cpp" />
    <ClCompile Include="src\Album.cpp" />
    <ClCompile Include="src\Artist.cpp" />
    <ClCompile Include="src\csv.cpp" />
    <ClCompile Include="src\library.cpp" />
    <ClCompile Include="src\main.cpp" />
    <ClCompile Include="src\ofApp.cpp" />
    <ClCompile Include="src\preferences.cpp" />
    <ClCompile Include="src\Song.cpp" />
    <ClCompile Include="src\UI.cpp" />
  </ItemGroup>
  <ItemGroup>
    <ClInclude Include="..\..\..\addons\ofxGui\src\ofxBaseGui.h" />
    <ClInclude Include="..\..\..\addons\ofxGui\src\ofxButton.h" />
    <ClInclude Include="..\..\..\addons\ofxGui\src\ofxColorPicker.h" />
    <ClInclude Include="..\..\..\addons\ofxGui\src\ofxGui.h" />
    <ClInclude Include="..\..\..\addons\ofxGui\src\ofxGuiGroup.h" />
    <ClInclude Include="..\..\..\addons\ofxGui\src\ofxInputField.h" />
    <ClInclude Include="..\..\..\addons\ofxGui\src\ofxLabel.h" />
    <ClInclude Include="..\..\..\addons\ofxGui\src\ofxPanel.h" />
    <ClInclude Include="..\..\..\addons\ofxGui\src\ofxSlider.h" />
    <ClInclude Include="..\..\..\addons\ofxGui\src\ofxSliderGroup.h" />
    <ClInclude Include="..\..\..\addons\ofxGui\src\ofxToggle.h" />
    <ClInclude Include="..\..\..\addons\ofxThreadedImageLoader\src\ofxThreadedImageLoader.h" />
    <ClInclude Include="src\Album.h" />
    <ClInclude Include="src\Artist.h" />
    <ClInclude Include="src\csv.h" />
    <ClInclude Include="src\library.h" />
    <ClInclude Include="src\ofApp.h" />
    <ClInclude Include="src\preferences.h" />
    <ClInclude Include="src\Song.h" />
    <ClInclude Include="src\UI.h" />
    <ClInclude Include="src\utils.h" />
  </ItemGroup>
  <ItemGroup>
    <ResourceCompile Include="icon.rc" />
  </ItemGroup>
</Project>